
Microsoft Visual Studio Solution File, Format Version 12.00
# Visual Studio Version 16
VisualStudioVersion = 16.0.31112.23
MinimumVisualStudioVersion = 10.0.40219.1
Project("{FAE04EC0-301F-11D3-BF4B-00C04F79EFBC}") = "TravelTripProject", "TravelTripProject\TravelTripProject.csproj", "{837DE493-3335-439F-AF31-266403D6BF92}"
EndProject
Global
	GlobalSection(SolutionConfigurationPlatforms) = preSolution
		Debug|Any CPU = Debug|Any CPU
		Release|Any CPU = Release|Any CPU
	EndGlobalSection
	GlobalSection(ProjectConfigurationPlatforms) = postSolution
		{837DE493-3335-439F-AF31-266403D6BF92}.Debug|Any CPU.ActiveCfg = Debug|Any CPU
		{837DE493-3335-439F-AF31-266403D6BF92}.Debug|Any CPU.Build.0 = Debug|Any CPU
		{837DE493-3335-439F-AF31-266403D6BF92}.Release|Any CPU.ActiveCfg = Release|Any CPU
		{837DE493-3335-439F-AF31-266403D6BF92}.Release|Any CPU.Build.0 = Release|Any CPU
	EndGlobalSection
	GlobalSection(SolutionProperties) = preSolution
		HideSolutionNode = FALSE
	EndGlobalSection
	GlobalSection(ExtensibilityGlobals) = postSolution
		SolutionGuid = {31B49BDD-76AE-4ACD-A1F9-47601A2A136D}
	EndGlobalSection
EndGlobal
